
Microsoft Visual Studio Solution File, Format Version 12.00
# Visual Studio Version 17
VisualStudioVersion = 17.14.36301.6
MinimumVisualStudioVersion = 10.0.40219.1
Project("{FAE04EC0-301F-11D3-BF4B-00C04F79EFBC}") = "StudentAPI", "StudentAPI\StudentAPI.csproj", "{9BABC748-0221-45C3-A0DA-11E20762E2F2}"
EndProject
Project("{FAE04EC0-301F-11D3-BF4B-00C04F79EFBC}") = "Business", "Business\Business.csproj", "{5845336E-990A-4084-A10D-50D7372C32E0}"
EndProject
Project("{FAE04EC0-301F-11D3-BF4B-00C04F79EFBC}") = "DataAccess", "DataAccess\DataAccess.csproj", "{E6E12209-39DB-42AB-9A17-0A23A587557B}"
EndProject
Global
	GlobalSection(SolutionConfigurationPlatforms) = preSolution
		Debug|Any CPU = Debug|Any CPU
		Release|Any CPU = Release|Any CPU
	EndGlobalSection
	GlobalSection(ProjectConfigurationPlatforms) = postSolution
		{9BABC748-0221-45C3-A0DA-11E20762E2F2}.Debug|Any CPU.ActiveCfg = Debug|Any CPU
		{9BABC748-0221-45C3-A0DA-11E20762E2F2}.Debug|Any CPU.Build.0 = Debug|Any CPU
		{9BABC748-0221-45C3-A0DA-11E20762E2F2}.Release|Any CPU.ActiveCfg = Release|Any CPU
		{9BABC748-0221-45C3-A0DA-11E20762E2F2}.Release|Any CPU.Build.0 = Release|Any CPU
		{5845336E-990A-4084-A10D-50D7372C32E0}.Debug|Any CPU.ActiveCfg = Debug|Any CPU
		{5845336E-990A-4084-A10D-50D7372C32E0}.Debug|Any CPU.Build.0 = Debug|Any CPU
		{5845336E-990A-4084-A10D-50D7372C32E0}.Release|Any CPU.ActiveCfg = Release|Any CPU
		{5845336E-990A-4084-A10D-50D7372C32E0}.Release|Any CPU.Build.0 = Release|Any CPU
		{E6E12209-39DB-42AB-9A17-0A23A587557B}.Debug|Any CPU.ActiveCfg = Debug|Any CPU
		{E6E12209-39DB-42AB-9A17-0A23A587557B}.Debug|Any CPU.Build.0 = Debug|Any CPU
		{E6E12209-39DB-42AB-9A17-0A23A587557B}.Release|Any CPU.ActiveCfg = Release|Any CPU
		{E6E12209-39DB-42AB-9A17-0A23A587557B}.Release|Any CPU.Build.0 = Release|Any CPU
	EndGlobalSection
	GlobalSection(SolutionProperties) = preSolution
		HideSolutionNode = FALSE
	EndGlobalSection
	GlobalSection(ExtensibilityGlobals) = postSolution
		SolutionGuid = {51DFF417-5821-4422-A1D5-005471F0E6A4}
	EndGlobalSection
EndGlobal
